<?xml version="1.0" encoding="utf-8"?>
<Project ToolsVersion="4.0" xmlns="http://schemas.microsoft.com/developer/msbuild/2003">
  <ItemGroup>
    <ClCompile Include="ballz.cpp" />
    <ClCompile Include="level.cpp" />
    <ClCompile Include="light.cpp" />
    <ClCompile Include="loadBlenderModels.cpp" />
    <ClCompile Include="loadTextures.cpp" />
    <ClCompile Include="main.cpp" />
    <ClCompile Include="RgbImage.cpp" />
    <ClCompile Include="script.cpp" />
    <ClCompile Include="text.cpp" />
  </ItemGroup>
  <ItemGroup>
    <ClInclude Include="ballz.h" />
    <ClInclude Include="Header.h" />
    <ClInclude Include="level.h" />
    <ClInclude Include="light.h" />
    <ClInclude Include="loadBlenderModels.h" />
    <ClInclude Include="loadTextures.h" />
    <ClInclude Include="resource.h" />
    <ClInclude Include="RgbImage.h" />
    <ClInclude Include="script.h" />
    <ClInclude Include="text.h" />
  </ItemGroup>
</Project>